
Microsoft Visual Studio Solution File, Format Version 12.00
# Visual Studio Version 17
VisualStudioVersion = 17.8.34408.163
MinimumVisualStudioVersion = 10.0.40219.1
Project("{9A19103F-16F7-4668-BE54-9A1E7A4F7556}") = "BookStore", "BookStore\BookStore.csproj", "{69FCF1D1-ABD6-4F6F-B333-D5180F908DD4}"
EndProject
Project("{9A19103F-16F7-4668-BE54-9A1E7A4F7556}") = "BookStoreTest", "BookStoreTest\BookStoreTest.csproj", "{67EE0A7E-8897-479C-8121-3DE5E4940E6F}"
EndProject
Project("{FAE04EC0-301F-11D3-BF4B-00C04F79EFBC}") = "BookStoreConsole", "BookStoreConsole\BookStoreConsole.csproj", "{2E729A67-0922-4400-932D-D8FD5B435638}"
EndProject
Global
	GlobalSection(SolutionConfigurationPlatforms) = preSolution
		Debug|Any CPU = Debug|Any CPU
		Release|Any CPU = Release|Any CPU
	EndGlobalSection
	GlobalSection(ProjectConfigurationPlatforms) = postSolution
		{69FCF1D1-ABD6-4F6F-B333-D5180F908DD4}.Debug|Any CPU.ActiveCfg = Debug|Any CPU
		{69FCF1D1-ABD6-4F6F-B333-D5180F908DD4}.Debug|Any CPU.Build.0 = Debug|Any CPU
		{69FCF1D1-ABD6-4F6F-B333-D5180F908DD4}.Release|Any CPU.ActiveCfg = Release|Any CPU
		{69FCF1D1-ABD6-4F6F-B333-D5180F908DD4}.Release|Any CPU.Build.0 = Release|Any CPU
		{67EE0A7E-8897-479C-8121-3DE5E4940E6F}.Debug|Any CPU.ActiveCfg = Debug|Any CPU
		{67EE0A7E-8897-479C-8121-3DE5E4940E6F}.Debug|Any CPU.Build.0 = Debug|Any CPU
		{67EE0A7E-8897-479C-8121-3DE5E4940E6F}.Release|Any CPU.ActiveCfg = Release|Any CPU
		{67EE0A7E-8897-479C-8121-3DE5E4940E6F}.Release|Any CPU.Build.0 = Release|Any CPU
		{2E729A67-0922-4400-932D-D8FD5B435638}.Debug|Any CPU.ActiveCfg = Debug|Any CPU
		{2E729A67-0922-4400-932D-D8FD5B435638}.Debug|Any CPU.Build.0 = Debug|Any CPU
		{2E729A67-0922-4400-932D-D8FD5B435638}.Release|Any CPU.ActiveCfg = Release|Any CPU
		{2E729A67-0922-4400-932D-D8FD5B435638}.Release|Any CPU.Build.0 = Release|Any CPU
	EndGlobalSection
	GlobalSection(SolutionProperties) = preSolution
		HideSolutionNode = FALSE
	EndGlobalSection
	GlobalSection(ExtensibilityGlobals) = postSolution
		SolutionGuid = {23D10B10-76C1-4E91-AB40-BD16472ACB3F}
	EndGlobalSection
EndGlobal
